
Microsoft Visual Studio Solution File, Format Version 12.00
# Visual Studio Version 17
VisualStudioVersion = 17.3.32901.215
MinimumVisualStudioVersion = 10.0.40219.1
Project("{8BC9CEB8-8B4A-11D0-8D11-00A0C91BC942}") = "3DinTetra", "3DinTetra\3DinTetra.vcxproj", "{5A6DAC60-4BED-4248-89BF-0C852BBC31AA}"
EndProject
Global
	GlobalSection(SolutionConfigurationPlatforms) = preSolution
		Debug|x64 = Debug|x64
		Debug|x86 = Debug|x86
		Release|x64 = Release|x64
		Release|x86 = Release|x86
	EndGlobalSection
	GlobalSection(ProjectConfigurationPlatforms) = postSolution
		{5A6DAC60-4BED-4248-89BF-0C852BBC31AA}.Debug|x64.ActiveCfg = Debug|x64
		{5A6DAC60-4BED-4248-89BF-0C852BBC31AA}.Debug|x64.Build.0 = Debug|x64
		{5A6DAC60-4BED-4248-89BF-0C852BBC31AA}.Debug|x86.ActiveCfg = Debug|Win32
		{5A6DAC60-4BED-4248-89BF-0C852BBC31AA}.Debug|x86.Build.0 = Debug|Win32
		{5A6DAC60-4BED-4248-89BF-0C852BBC31AA}.Release|x64.ActiveCfg = Release|x64
		{5A6DAC60-4BED-4248-89BF-0C852BBC31AA}.Release|x64.Build.0 = Release|x64
		{5A6DAC60-4BED-4248-89BF-0C852BBC31AA}.Release|x86.ActiveCfg = Release|Win32
		{5A6DAC60-4BED-4248-89BF-0C852BBC31AA}.Release|x86.Build.0 = Release|Win32
	EndGlobalSection
	GlobalSection(SolutionProperties) = preSolution
		HideSolutionNode = FALSE
	EndGlobalSection
	GlobalSection(ExtensibilityGlobals) = postSolution
		SolutionGuid = {CEBB8379-32CA-4D89-A7AE-4614CEB14086}
	EndGlobalSection
EndGlobal
